
Microsoft Visual Studio Solution File, Format Version 12.00
# Visual Studio Version 16
VisualStudioVersion = 25.0.1700.0
MinimumVisualStudioVersion = 10.0.40219.1
Project("{FAE04EC0-301F-11D3-BF4B-00C04F79EFBC}") = "LearnForeignWords.Tests", "LearnForeignWords.Tests\LearnForeignWords.Tests.csproj", "{D8E69086-3C2F-4792-8018-963A218FB30A}"
EndProject
Global
	GlobalSection(SolutionConfigurationPlatforms) = preSolution
		Debug|Any CPU = Debug|Any CPU
		Release|Any CPU = Release|Any CPU
	EndGlobalSection
	GlobalSection(ProjectConfigurationPlatforms) = postSolution
		{D8E69086-3C2F-4792-8018-963A218FB30A}.Debug|Any CPU.ActiveCfg = Debug|Any CPU
		{D8E69086-3C2F-4792-8018-963A218FB30A}.Debug|Any CPU.Build.0 = Debug|Any CPU
		{D8E69086-3C2F-4792-8018-963A218FB30A}.Release|Any CPU.ActiveCfg = Release|Any CPU
		{D8E69086-3C2F-4792-8018-963A218FB30A}.Release|Any CPU.Build.0 = Release|Any CPU
	EndGlobalSection
	GlobalSection(SolutionProperties) = preSolution
		HideSolutionNode = FALSE
	EndGlobalSection
	GlobalSection(ExtensibilityGlobals) = postSolution
		SolutionGuid = {F2413722-2225-4946-A6C0-A0256EABE4C5}
	EndGlobalSection
EndGlobal
